
Microsoft Visual Studio Solution File, Format Version 12.00
# Visual Studio Version 16
VisualStudioVersion = 16.0.30804.86
MinimumVisualStudioVersion = 10.0.40219.1
Project("{FAE04EC0-301F-11D3-BF4B-00C04F79EFBC}") = "IncreaseSaveSlotLimit", "IncreaseSaveSlotLimit.csproj", "{B80B03C0-A6CD-4A70-808B-35C93E1B614D}"
EndProject
Global
	GlobalSection(SolutionConfigurationPlatforms) = preSolution
		Debug|Any CPU = Debug|Any CPU
		Release|Any CPU = Release|Any CPU
	EndGlobalSection
	GlobalSection(ProjectConfigurationPlatforms) = postSolution
		{B80B03C0-A6CD-4A70-808B-35C93E1B614D}.Debug|Any CPU.ActiveCfg = Debug|Any CPU
		{B80B03C0-A6CD-4A70-808B-35C93E1B614D}.Debug|Any CPU.Build.0 = Debug|Any CPU
		{B80B03C0-A6CD-4A70-808B-35C93E1B614D}.Release|Any CPU.ActiveCfg = Release|Any CPU
		{B80B03C0-A6CD-4A70-808B-35C93E1B614D}.Release|Any CPU.Build.0 = Release|Any CPU
	EndGlobalSection
	GlobalSection(SolutionProperties) = preSolution
		HideSolutionNode = FALSE
	EndGlobalSection
	GlobalSection(ExtensibilityGlobals) = postSolution
		SolutionGuid = {8C429CFF-F2F6-461F-A01A-258FA494C73A}
	EndGlobalSection
EndGlobal
