
Microsoft Visual Studio Solution File, Format Version 12.00
# Visual Studio Version 17
VisualStudioVersion = 17.4.33122.133
MinimumVisualStudioVersion = 10.0.40219.1
Project("{9A19103F-16F7-4668-BE54-9A1E7A4F7556}") = "IncreaseSaveSlotLimit", "IncreaseSaveSlotLimit\IncreaseSaveSlotLimit.csproj", "{4A73F32F-896D-4D0F-854E-E3E2C82E1ECA}"
EndProject
Project("{2150E333-8FDC-42A3-9474-1A3956D46DE8}") = "Solution Items", "Solution Items", "{10196686-CA75-4060-998E-7E1EFA46ED8D}"
	ProjectSection(SolutionItems) = preProject
		.gitignore = .gitignore
		LICENSE = LICENSE
		README.md = README.md
	EndProjectSection
EndProject
Global
	GlobalSection(SolutionConfigurationPlatforms) = preSolution
		Debug|Any CPU = Debug|Any CPU
		Release|Any CPU = Release|Any CPU
	EndGlobalSection
	GlobalSection(ProjectConfigurationPlatforms) = postSolution
		{4A73F32F-896D-4D0F-854E-E3E2C82E1ECA}.Debug|Any CPU.ActiveCfg = Debug|Any CPU
		{4A73F32F-896D-4D0F-854E-E3E2C82E1ECA}.Debug|Any CPU.Build.0 = Debug|Any CPU
		{4A73F32F-896D-4D0F-854E-E3E2C82E1ECA}.Release|Any CPU.ActiveCfg = Release|Any CPU
		{4A73F32F-896D-4D0F-854E-E3E2C82E1ECA}.Release|Any CPU.Build.0 = Release|Any CPU
	EndGlobalSection
	GlobalSection(SolutionProperties) = preSolution
		HideSolutionNode = FALSE
	EndGlobalSection
	GlobalSection(ExtensibilityGlobals) = postSolution
		SolutionGuid = {8C429CFF-F2F6-461F-A01A-258FA494C73A}
	EndGlobalSection
EndGlobal
